<?xml version="1.0" encoding="utf-8"?>
<Project ToolsVersion="17.0" xmlns="http://schemas.microsoft.com/developer/msbuild/2003">
  <ItemGroup>
    <ClCompile Include="C:\programming\OOP\example 2\lib\program_graph\main.cpp">
      <Filter>Source Files</Filter>
    </ClCompile>
  </ItemGroup>
  <ItemGroup>
    <ClInclude Include="C:\programming\OOP\example 2\lib\program_graph\graphic.h">
      <Filter>Header Files</Filter>
    </ClInclude>
    <ClInclude Include="C:\programming\OOP\example 2\lib\program_graph\square.h">
      <Filter>Header Files</Filter>
    </ClInclude>
  </ItemGroup>
  <ItemGroup>
    <CustomBuild Include="C:\programming\OOP\example 2\lib\program_graph\CMakeLists.txt" />
  </ItemGroup>
  <ItemGroup>
    <Filter Include="Header Files">
      <UniqueIdentifier>{5A6C63F9-DB68-35DE-9BE7-6D0EAD2EA6B4}</UniqueIdentifier>
    </Filter>
    <Filter Include="Source Files">
      <UniqueIdentifier>{BA9E7BAC-5D6C-358D-B2FA-A07313B164F4}</UniqueIdentifier>
    </Filter>
  </ItemGroup>
</Project>
