<?xml version="1.0" encoding="utf-8"?>
<Project ToolsVersion="17.0" xmlns="http://schemas.microsoft.com/developer/msbuild/2003">
  <ItemGroup>
    <CustomBuild Include="C:\programming\OOP\example 2\_build_lib\CMakeFiles\f87efd757e24bfcc88c7e3a509c78297\INSTALL_force.rule">
      <Filter>CMake Rules</Filter>
    </CustomBuild>
  </ItemGroup>
  <ItemGroup>
    <Filter Include="CMake Rules">
      <UniqueIdentifier>{F57E579D-8308-3EC5-A031-47324D681217}</UniqueIdentifier>
    </Filter>
  </ItemGroup>
</Project>
